
Microsoft Visual Studio Solution File, Format Version 12.00
# Visual Studio Version 16
VisualStudioVersion = 16.0.30413.136
MinimumVisualStudioVersion = 10.0.40219.1
Project("{8BC9CEB8-8B4A-11D0-8D11-00A0C91BC942}") = "Your age", "Your age\Your age.vcxproj", "{D9FD641F-8B58-43AD-9247-B81C46E0C96A}"
EndProject
Global
	GlobalSection(SolutionConfigurationPlatforms) = preSolution
		Debug|x64 = Debug|x64
		Debug|x86 = Debug|x86
		Release|x64 = Release|x64
		Release|x86 = Release|x86
	EndGlobalSection
	GlobalSection(ProjectConfigurationPlatforms) = postSolution
		{D9FD641F-8B58-43AD-9247-B81C46E0C96A}.Debug|x64.ActiveCfg = Debug|x64
		{D9FD641F-8B58-43AD-9247-B81C46E0C96A}.Debug|x64.Build.0 = Debug|x64
		{D9FD641F-8B58-43AD-9247-B81C46E0C96A}.Debug|x86.ActiveCfg = Debug|Win32
		{D9FD641F-8B58-43AD-9247-B81C46E0C96A}.Debug|x86.Build.0 = Debug|Win32
		{D9FD641F-8B58-43AD-9247-B81C46E0C96A}.Release|x64.ActiveCfg = Release|x64
		{D9FD641F-8B58-43AD-9247-B81C46E0C96A}.Release|x64.Build.0 = Release|x64
		{D9FD641F-8B58-43AD-9247-B81C46E0C96A}.Release|x86.ActiveCfg = Release|Win32
		{D9FD641F-8B58-43AD-9247-B81C46E0C96A}.Release|x86.Build.0 = Release|Win32
	EndGlobalSection
	GlobalSection(SolutionProperties) = preSolution
		HideSolutionNode = FALSE
	EndGlobalSection
	GlobalSection(ExtensibilityGlobals) = postSolution
		SolutionGuid = {018A21C7-4BDB-48E6-88BE-A218ED266B50}
	EndGlobalSection
EndGlobal
